
Microsoft Visual Studio Solution File, Format Version 12.00
# Visual Studio Version 17
VisualStudioVersion = 17.9.34728.123
MinimumVisualStudioVersion = 10.0.40219.1
Project("{9A19103F-16F7-4668-BE54-9A1E7A4F7556}") = "Products-Project", "Products-Project\Products-Project.csproj", "{491897CE-0552-48DC-AD94-5CC100845612}"
EndProject
Global
	GlobalSection(SolutionConfigurationPlatforms) = preSolution
		Debug|Any CPU = Debug|Any CPU
		Release|Any CPU = Release|Any CPU
	EndGlobalSection
	GlobalSection(ProjectConfigurationPlatforms) = postSolution
		{491897CE-0552-48DC-AD94-5CC100845612}.Debug|Any CPU.ActiveCfg = Debug|Any CPU
		{491897CE-0552-48DC-AD94-5CC100845612}.Debug|Any CPU.Build.0 = Debug|Any CPU
		{491897CE-0552-48DC-AD94-5CC100845612}.Release|Any CPU.ActiveCfg = Release|Any CPU
		{491897CE-0552-48DC-AD94-5CC100845612}.Release|Any CPU.Build.0 = Release|Any CPU
	EndGlobalSection
	GlobalSection(SolutionProperties) = preSolution
		HideSolutionNode = FALSE
	EndGlobalSection
	GlobalSection(ExtensibilityGlobals) = postSolution
		SolutionGuid = {2D8521EE-7D77-4FF4-868F-DD850DA522B7}
	EndGlobalSection
EndGlobal
